
Microsoft Visual Studio Solution File, Format Version 12.00
# Visual Studio Version 17
VisualStudioVersion = 17.7.34302.85
MinimumVisualStudioVersion = 10.0.40219.1
Project("{FAE04EC0-301F-11D3-BF4B-00C04F79EFBC}") = "Training", "Training.csproj", "{1B7CED6F-6C37-4449-B337-75462991715B}"
EndProject
Global
	GlobalSection(SolutionConfigurationPlatforms) = preSolution
		Debug|Any CPU = Debug|Any CPU
		Release|Any CPU = Release|Any CPU
	EndGlobalSection
	GlobalSection(ProjectConfigurationPlatforms) = postSolution
		{1B7CED6F-6C37-4449-B337-75462991715B}.Debug|Any CPU.ActiveCfg = Debug|Any CPU
		{1B7CED6F-6C37-4449-B337-75462991715B}.Debug|Any CPU.Build.0 = Debug|Any CPU
		{1B7CED6F-6C37-4449-B337-75462991715B}.Release|Any CPU.ActiveCfg = Release|Any CPU
		{1B7CED6F-6C37-4449-B337-75462991715B}.Release|Any CPU.Build.0 = Release|Any CPU
	EndGlobalSection
	GlobalSection(SolutionProperties) = preSolution
		HideSolutionNode = FALSE
	EndGlobalSection
	GlobalSection(ExtensibilityGlobals) = postSolution
		SolutionGuid = {4A4F49B8-F414-4881-B7A3-116942945E59}
	EndGlobalSection
EndGlobal
